// !$*UTF8*$!
{
	archiveVersion = 1;
	classes = {
	};
	objectVersion = 50;
	objects = {

/* Begin PBXBuildFile section */
		C272B669239BBDE4005CBC87 /* AppDelegate.swift in Sources */ = {isa = PBXBuildFile; fileRef = C272B668239BBDE4005CBC87 /* AppDelegate.swift */; };
		C272B66B239BBDE4005CBC87 /* SceneDelegate.swift in Sources */ = {isa = PBXBuildFile; fileRef = C272B66A239BBDE4005CBC87 /* SceneDelegate.swift */; };
		C272B66D239BBDE4005CBC87 /* ViewController.swift in Sources */ = {isa = PBXBuildFile; fileRef = C272B66C239BBDE4005CBC87 /* ViewController.swift */; };
		C272B670239BBDE4005CBC87 /* Main.storyboard in Resources */ = {isa = PBXBuildFile; fileRef = C272B66E239BBDE4005CBC87 /* Main.storyboard */; };
		C272B672239BBDE5005CBC87 /* Assets.xcassets in Resources */ = {isa = PBXBuildFile; fileRef = C272B671239BBDE5005CBC87 /* Assets.xcassets */; };
		C272B675239BBDE5005CBC87 /* LaunchScreen.storyboard in Resources */ = {isa = PBXBuildFile; fileRef = C272B673239BBDE5005CBC87 /* LaunchScreen.storyboard */; };
/* End PBXBuildFile section */

/* Begin PBXFileReference section */
		C272B665239BBDE4005CBC87 /* FlickrPosts.app */ = {isa = PBXFileReference; explicitFileType = wrapper.application; includeInIndex = 0; path = FlickrPosts.app; sourceTree = BUILT_PRODUCTS_DIR; };
		C272B668239BBDE4005CBC87 /* AppDelegate.swift */ = {isa = PBXFileReference; lastKnownFileType = sourcecode.swift; path = AppDelegate.swift; sourceTree = "<group>"; };
		C272B66A239BBDE4005CBC87 /* SceneDelegate.swift */ = {isa = PBXFileReference; lastKnownFileType = sourcecode.swift; path = SceneDelegate.swift; sourceTree = "<group>"; };
		C272B66C239BBDE4005CBC87 /* ViewController.swift */ = {isa = PBXFileReference; lastKnownFileType = sourcecode.swift; path = ViewController.swift; sourceTree = "<group>"; };
		C272B66F239BBDE4005CBC87 /* Base */ = {isa = PBXFileReference; lastKnownFileType = file.storyboard; name = Base; path = Base.lproj/Main.storyboard; sourceTree = "<group>"; };
		C272B671239BBDE5005CBC87 /* Assets.xcassets */ = {isa = PBXFileReference; lastKnownFileType = folder.assetcatalog; path = Assets.xcassets; sourceTree = "<group>"; };
		C272B674239BBDE5005CBC87 /* Base */ = {isa = PBXFileReference; lastKnownFileType = file.storyboard; name = Base; path = Base.lproj/LaunchScreen.storyboard; sourceTree = "<group>"; };
		C272B676239BBDE5005CBC87 /* Info.plist */ = {isa = PBXFileReference; lastKnownFileType = text.plist.xml; path = Info.plist; sourceTree = "<group>"; };
/* End PBXFileReference section */

/* Begin PBXFrameworksBuildPhase section */
		C272B662239BBDE4005CBC87 /* Frameworks */ = {
			isa = PBXFrameworksBuildPhase;
			buildActionMask = 2147483647;
			files = (
			);
			runOnlyForDeploymentPostprocessing = 0;
		};
/* End PBXFrameworksBuildPhase section */

/* Begin PBXGroup section */
		C272B65C239BBDE4005CBC87 = {
			isa = PBXGroup;
			children = (
				C272B667239BBDE4005CBC87 /* FlickrPosts */,
				C272B666239BBDE4005CBC87 /* Products */,
			);
			sourceTree = "<group>";
		};
		C272B666239BBDE4005CBC87 /* Products */ = {
			isa = PBXGroup;
			children = (
				C272B665239BBDE4005CBC87 /* FlickrPosts.app */,
			);
			name = Products;
			sourceTree = "<group>";
		};
		C272B667239BBDE4005CBC87 /* FlickrPosts */ = {
			isa = PBXGroup;
			children = (
				C272B668239BBDE4005CBC87 /* AppDelegate.swift */,
				C272B66A239BBDE4005CBC87 /* SceneDelegate.swift */,
				C272B66C239BBDE4005CBC87 /* ViewController.swift */,
				C272B66E239BBDE4005CBC87 /* Main.storyboard */,
				C272B671239BBDE5005CBC87 /* Assets.xcassets */,
				C272B673239BBDE5005CBC87 /* LaunchScreen.storyboard */,
				C272B676239BBDE5005CBC87 /* Info.plist */,
			);
			path = FlickrPosts;
			sourceTree = "<group>";
		};
/* End PBXGroup section */

/* Begin PBXNativeTarget section */
		C272B664239BBDE4005CBC87 /* FlickrPosts */ = {
			isa = PBXNativeTarget;
			buildConfigurationList = C272B679239BBDE5005CBC87 /* Build configuration list for PBXNativeTarget "FlickrPosts" */;
			buildPhases = (
				C272B661239BBDE4005CBC87 /* Sources */,
				C272B662239BBDE4005CBC87 /* Frameworks */,
				C272B663239BBDE4005CBC87 /* Resources */,
			);
			buildRules = (
			);
			dependencies = (
			);
			name = FlickrPosts;
			productName = FlickrPosts;
			productReference = C272B665239BBDE4005CBC87 /* FlickrPosts.app */;
			productType = "com.apple.product-type.application";
		};
/* End PBXNativeTarget section */

/* Begin PBXProject section */
		C272B65D239BBDE4005CBC87 /* Project object */ = {
			isa = PBXProject;
			attributes = {
				LastSwiftUpdateCheck = 1120;
				LastUpgradeCheck = 1120;
				ORGANIZATIONNAME = "Anish Kumar";
				TargetAttributes = {
					C272B664239BBDE4005CBC87 = {
						CreatedOnToolsVersion = 11.2.1;
					};
				};
			};
			buildConfigurationList = C272B660239BBDE4005CBC87 /* Build configuration list for PBXProject "FlickrPosts" */;
			compatibilityVersion = "Xcode 9.3";
			developmentRegion = en;
			hasScannedForEncodings = 0;
			knownRegions = (
				en,
				Base,
			);
			mainGroup = C272B65C239BBDE4005CBC87;
			productRefGroup = C272B666239BBDE4005CBC87 /* Products */;
			projectDirPath = "";
			projectRoot = "";
			targets = (
				C272B664239BBDE4005CBC87 /* FlickrPosts */,
			);
		};
/* End PBXProject section */

/* Begin PBXResourcesBuildPhase section */
		C272B663239BBDE4005CBC87 /* Resources */ = {
			isa = PBXResourcesBuildPhase;
			buildActionMask = 2147483647;
			files = (
				C272B675239BBDE5005CBC87 /* LaunchScreen.storyboard in Resources */,
				C272B672239BBDE5005CBC87 /* Assets.xcassets in Resources */,
				C272B670239BBDE4005CBC87 /* Main.storyboard in Resources */,
			);
			runOnlyForDeploymentPostprocessing = 0;
		};
/* End PBXResourcesBuildPhase section */

/* Begin PBXSourcesBuildPhase section */
		C272B661239BBDE4005CBC87 /* Sources */ = {
			isa = PBXSourcesBuildPhase;
			buildActionMask = 2147483647;
			files = (
				C272B66D239BBDE4005CBC87 /* ViewController.swift in Sources */,
				C272B669239BBDE4005CBC87 /* AppDelegate.swift in Sources */,
				C272B66B239BBDE4005CBC87 /* SceneDelegate.swift in Sources */,
			);
			runOnlyForDeploymentPostprocessing = 0;
		};
/* End PBXSourcesBuildPhase section */

/* Begin PBXVariantGroup section */
		C272B66E239BBDE4005CBC87 /* Main.storyboard */ = {
			isa = PBXVariantGroup;
			children = (
				C272B66F239BBDE4005CBC87 /* Base */,
			);
			name = Main.storyboard;
			sourceTree = "<group>";
		};
		C272B673239BBDE5005CBC87 /* LaunchScreen.storyboard */ = {
			isa = PBXVariantGroup;
			children = (
				C272B674239BBDE5005CBC87 /* Base */,
			);
			name = LaunchScreen.storyboard;
			sourceTree = "<group>";
		};
/* End PBXVariantGroup section */

/* Begin XCBuildConfiguration section */
		C272B677239BBDE5005CBC87 /* Debug */ = {
			isa = XCBuildConfiguration;
			buildSettings = {
				ALWAYS_SEARCH_USER_PATHS = NO;
				CLANG_ANALYZER_NONNULL = YES;
				CLANG_ANALYZER_NUMBER_OBJECT_CONVERSION = YES_AGGRESSIVE;
				CLANG_CXX_LANGUAGE_STANDARD = "gnu++14";
				CLANG_CXX_LIBRARY = "libc++";
				CLANG_ENABLE_MODULES = YES;
				CLANG_ENABLE_OBJC_ARC = YES;
				CLANG_ENABLE_OBJC_WEAK = YES;
				CLANG_WARN_BLOCK_CAPTURE_AUTORELEASING = YES;
				CLANG_WARN_BOOL_CONVERSION = YES;
				CLANG_WARN_COMMA = YES;
				CLANG_WARN_CONSTANT_CONVERSION = YES;
				CLANG_WARN_DEPRECATED_OBJC_IMPLEMENTATIONS = YES;
				CLANG_WARN_DIRECT_OBJC_ISA_USAGE = YES_ERROR;
				CLANG_WARN_DOCUMENTATION_COMMENTS = YES;
				CLANG_WARN_EMPTY_BODY = YES;
				CLANG_WARN_ENUM_CONVERSION = YES;
				CLANG_WARN_INFINITE_RECURSION = YES;
				CLANG_WARN_INT_CONVERSION = YES;
				CLANG_WARN_NON_LITERAL_NULL_CONVERSION = YES;
				CLANG_WARN_OBJC_IMPLICIT_RETAIN_SELF = YES;
				CLANG_WARN_OBJC_LITERAL_CONVERSION = YES;
				CLANG_WARN_OBJC_ROOT_CLASS = YES_ERROR;
				CLANG_WARN_RANGE_LOOP_ANALYSIS = YES;
				CLANG_WARN_STRICT_PROTOTYPES = YES;
				CLANG_WARN_SUSPICIOUS_MOVE = YES;
				CLANG_WARN_UNGUARDED_AVAILABILITY = YES_AGGRESSIVE;
				CLANG_WARN_UNREACHABLE_CODE = YES;
				CLANG_WARN__DUPLICATE_METHOD_MATCH = YES;
				COPY_PHASE_STRIP = NO;
				DEBUG_INFORMATION_FORMAT = dwarf;
				ENABLE_STRICT_OBJC_MSGSEND = YES;
				ENABLE_TESTABILITY = YES;
				GCC_C_LANGUAGE_STANDARD = gnu11;
				GCC_DYNAMIC_NO_PIC = NO;
				GCC_NO_COMMON_BLOCKS = YES;
				GCC_OPTIMIZATION_LEVEL = 0;
				GCC_PREPROCESSOR_DEFINITIONS = (
					"DEBUG=1",
					"$(inherited)",
				);
				GCC_WARN_64_TO_32_BIT_CONVERSION = YES;
				GCC_WARN_ABOUT_RETURN_TYPE = YES_ERROR;
				GCC_WARN_UNDECLARED_SELECTOR = YES;
				GCC_WARN_UNINITIALIZED_AUTOS = YES_AGGRESSIVE;
				GCC_WARN_UNUSED_FUNCTION = YES;
				GCC_WARN_UNUSED_VARIABLE = YES;
				IPHONEOS_DEPLOYMENT_TARGET = 13.2;
				MTL_ENABLE_DEBUG_INFO = INCLUDE_SOURCE;
				MTL_FAST_MATH = YES;
				ONLY_ACTIVE_ARCH = YES;
				SDKROOT = iphoneos;
				SWIFT_ACTIVE_COMPILATION_CONDITIONS = DEBUG;
				SWIFT_OPTIMIZATION_LEVEL = "-Onone";
			};
			name = Debug;
		};
		C272B678239BBDE5005CBC87 /* Release */ = {
			isa = XCBuildConfiguration;
			buildSettings = {
				ALWAYS_SEARCH_USER_PATHS = NO;
				CLANG_ANALYZER_NONNULL = YES;
				CLANG_ANALYZER_NUMBER_OBJECT_CONVERSION = YES_AGGRESSIVE;
				CLANG_CXX_LANGUAGE_STANDARD = "gnu++14";
				CLANG_CXX_LIBRARY = "libc++";
				CLANG_ENABLE_MODULES = YES;
				CLANG_ENABLE_OBJC_ARC = YES;
				CLANG_ENABLE_OBJC_WEAK = YES;
				CLANG_WARN_BLOCK_CAPTURE_AUTORELEASING = YES;
				CLANG_WARN_BOOL_CONVERSION = YES;
				CLANG_WARN_COMMA = YES;
				CLANG_WARN_CONSTANT_CONVERSION = YES;
				CLANG_WARN_DEPRECATED_OBJC_IMPLEMENTATIONS = YES;
				CLANG_WARN_DIRECT_OBJC_ISA_USAGE = YES_ERROR;
				CLANG_WARN_DOCUMENTATION_COMMENTS = YES;
				CLANG_WARN_EMPTY_BODY = YES;
				CLANG_WARN_ENUM_CONVERSION = YES;
				CLANG_WARN_INFINITE_RECURSION = YES;
				CLANG_WARN_INT_CONVERSION = YES;
				CLANG_WARN_NON_LITERAL_NULL_CONVERSION = YES;
				CLANG_WARN_OBJC_IMPLICIT_RETAIN_SELF = YES;
				CLANG_WARN_OBJC_LITERAL_CONVERSION = YES;
				CLANG_WARN_OBJC_ROOT_CLASS = YES_ERROR;
				CLANG_WARN_RANGE_LOOP_ANALYSIS = YES;
				CLANG_WARN_STRICT_PROTOTYPES = YES;
				CLANG_WARN_SUSPICIOUS_MOVE = YES;
				CLANG_WARN_UNGUARDED_AVAILABILITY = YES_AGGRESSIVE;
				CLANG_WARN_UNREACHABLE_CODE = YES;
				CLANG_WARN__DUPLICATE_METHOD_MATCH = YES;
				COPY_PHASE_STRIP = NO;
				DEBUG_INFORMATION_FORMAT = "dwarf-with-dsym";
				ENABLE_NS_ASSERTIONS = NO;
				ENABLE_STRICT_OBJC_MSGSEND = YES;
				GCC_C_LANGUAGE_STANDARD = gnu11;
				GCC_NO_COMMON_BLOCKS = YES;
				GCC_WARN_64_TO_32_BIT_CONVERSION = YES;
				GCC_WARN_ABOUT_RETURN_TYPE = YES_ERROR;
				GCC_WARN_UNDECLARED_SELECTOR = YES;
				GCC_WARN_UNINITIALIZED_AUTOS = YES_AGGRESSIVE;
				GCC_WARN_UNUSED_FUNCTION = YES;
				GCC_WARN_UNUSED_VARIABLE = YES;
				IPHONEOS_DEPLOYMENT_TARGET = 13.2;
				MTL_ENABLE_DEBUG_INFO = NO;
				MTL_FAST_MATH = YES;
				SDKROOT = iphoneos;
				SWIFT_COMPILATION_MODE = wholemodule;
				SWIFT_OPTIMIZATION_LEVEL = "-O";
				VALIDATE_PRODUCT = YES;
			};
			name = Release;
		};
		C272B67A239BBDE5005CBC87 /* Debug */ = {
			isa = XCBuildConfiguration;
			buildSettings = {
				ASSETCATALOG_COMPILER_APPICON_NAME = AppIcon;
				CODE_SIGN_STYLE = Automatic;
				DEVELOPMENT_TEAM = HU3X6584N9;
				INFOPLIST_FILE = FlickrPosts/Info.plist;
				LD_RUNPATH_SEARCH_PATHS = (
					"$(inherited)",
					"@executable_path/Frameworks",
				);
				PRODUCT_BUNDLE_IDENTIFIER = com.anish.FlickrPosts;
				PRODUCT_NAME = "$(TARGET_NAME)";
				SWIFT_VERSION = 5.0;
				TARGETED_DEVICE_FAMILY = "1,2";
			};
			name = Debug;
		};
		C272B67B239BBDE5005CBC87 /* Release */ = {
			isa = XCBuildConfiguration;
			buildSettings = {
				ASSETCATALOG_COMPILER_APPICON_NAME = AppIcon;
				CODE_SIGN_STYLE = Automatic;
				DEVELOPMENT_TEAM = HU3X6584N9;
				INFOPLIST_FILE = FlickrPosts/Info.plist;
				LD_RUNPATH_SEARCH_PATHS = (
					"$(inherited)",
					"@executable_path/Frameworks",
				);
				PRODUCT_BUNDLE_IDENTIFIER = com.anish.FlickrPosts;
				PRODUCT_NAME = "$(TARGET_NAME)";
				SWIFT_VERSION = 5.0;
				TARGETED_DEVICE_FAMILY = "1,2";
			};
			name = Release;
		};
/* End XCBuildConfiguration section */

/* Begin XCConfigurationList section */
		C272B660239BBDE4005CBC87 /* Build configuration list for PBXProject "FlickrPosts" */ = {
			isa = XCConfigurationList;
			buildConfigurations = (
				C272B677239BBDE5005CBC87 /* Debug */,
				C272B678239BBDE5005CBC87 /* Release */,
			);
			defaultConfigurationIsVisible = 0;
			defaultConfigurationName = Release;
		};
		C272B679239BBDE5005CBC87 /* Build configuration list for PBXNativeTarget "FlickrPosts" */ = {
			isa = XCConfigurationList;
			buildConfigurations = (
				C272B67A239BBDE5005CBC87 /* Debug */,
				C272B67B239BBDE5005CBC87 /* Release */,
			);
			defaultConfigurationIsVisible = 0;
			defaultConfigurationName = Release;
		};
/* End XCConfigurationList section */
	};
	rootObject = C272B65D239BBDE4005CBC87 /* Project object */;
}
